Microsoft Visual Studio Solution File, Format Version 12.00
# Visual Studio Version 17
VisualStudioVersion = 17.5.2.0
MinimumVisualStudioVersion = 10.0.40219.1
Project("{2150E333-8FDC-42A3-9474-1A3956D46DE8}") = "TrabajoPractico1", "TrabajoPractico1", "{F9607BAE-F49D-CAEF-ADAC-79D8069B2442}"
EndProject
Project("{2150E333-8FDC-42A3-9474-1A3956D46DE8}") = "Ejercicio0", "Ejercicio0", "{B6A78DCE-EEEC-C458-99F4-3D40EDEFC7FD}"
EndProject
Project("{FAE04EC0-301F-11D3-BF4B-00C04F79EFBC}") = "program0", "TrabajoPractico1\Ejercicio0\program0.csproj", "{35A65FA8-FEA6-678A-775E-78A61D9F22E0}"
EndProject
Project("{2150E333-8FDC-42A3-9474-1A3956D46DE8}") = "Ejercicio1", "Ejercicio1", "{6974826C-6899-6D4A-A897-DC5B607FF56B}"
EndProject
Project("{FAE04EC0-301F-11D3-BF4B-00C04F79EFBC}") = "program1", "TrabajoPractico1\Ejercicio1\program1.csproj", "{E23410AB-EB0A-B07E-1DAF-8BC14B9D4E39}"
EndProject
Project("{2150E333-8FDC-42A3-9474-1A3956D46DE8}") = "Ejercicio2", "Ejercicio2", "{F2664A4D-2FB5-1D06-2F98-E6C5932C363C}"
EndProject
Project("{FAE04EC0-301F-11D3-BF4B-00C04F79EFBC}") = "program2", "TrabajoPractico1\Ejercicio2\program2.csproj", "{1D993BDB-FDB6-1452-D7F0-2E0B7ABBB848}"
EndProject
Project("{2150E333-8FDC-42A3-9474-1A3956D46DE8}") = "Ejercicio3", "Ejercicio3", "{4110230F-7EC4-1898-AF9B-8816F14D962E}"
EndProject
Project("{FAE04EC0-301F-11D3-BF4B-00C04F79EFBC}") = "program3", "TrabajoPractico1\Ejercicio3\program3.csproj", "{0BE503F4-073C-9A7C-1821-A9E9B1090370}"
EndProject
Project("{2150E333-8FDC-42A3-9474-1A3956D46DE8}") = "Ejercicio4", "Ejercicio4", "{F4D29FD2-781C-3AFA-4F1D-6A684C4B1778}"
EndProject
Project("{FAE04EC0-301F-11D3-BF4B-00C04F79EFBC}") = "program4", "TrabajoPractico1\Ejercicio4\program4.csproj", "{A9FB5DEB-AE22-C77F-230A-E37B2CEE9B3A}"
EndProject
Global
	GlobalSection(SolutionConfigurationPlatforms) = preSolution
		Debug|Any CPU = Debug|Any CPU
		Release|Any CPU = Release|Any CPU
	EndGlobalSection
	GlobalSection(ProjectConfigurationPlatforms) = postSolution
		{35A65FA8-FEA6-678A-775E-78A61D9F22E0}.Debug|Any CPU.ActiveCfg = Debug|Any CPU
		{35A65FA8-FEA6-678A-775E-78A61D9F22E0}.Debug|Any CPU.Build.0 = Debug|Any CPU
		{35A65FA8-FEA6-678A-775E-78A61D9F22E0}.Release|Any CPU.ActiveCfg = Release|Any CPU
		{35A65FA8-FEA6-678A-775E-78A61D9F22E0}.Release|Any CPU.Build.0 = Release|Any CPU
		{E23410AB-EB0A-B07E-1DAF-8BC14B9D4E39}.Debug|Any CPU.ActiveCfg = Debug|Any CPU
		{E23410AB-EB0A-B07E-1DAF-8BC14B9D4E39}.Debug|Any CPU.Build.0 = Debug|Any CPU
		{E23410AB-EB0A-B07E-1DAF-8BC14B9D4E39}.Release|Any CPU.ActiveCfg = Release|Any CPU
		{E23410AB-EB0A-B07E-1DAF-8BC14B9D4E39}.Release|Any CPU.Build.0 = Release|Any CPU
		{1D993BDB-FDB6-1452-D7F0-2E0B7ABBB848}.Debug|Any CPU.ActiveCfg = Debug|Any CPU
		{1D993BDB-FDB6-1452-D7F0-2E0B7ABBB848}.Debug|Any CPU.Build.0 = Debug|Any CPU
		{1D993BDB-FDB6-1452-D7F0-2E0B7ABBB848}.Release|Any CPU.ActiveCfg = Release|Any CPU
		{1D993BDB-FDB6-1452-D7F0-2E0B7ABBB848}.Release|Any CPU.Build.0 = Release|Any CPU
		{0BE503F4-073C-9A7C-1821-A9E9B1090370}.Debug|Any CPU.ActiveCfg = Debug|Any CPU
		{0BE503F4-073C-9A7C-1821-A9E9B1090370}.Debug|Any CPU.Build.0 = Debug|Any CPU
		{0BE503F4-073C-9A7C-1821-A9E9B1090370}.Release|Any CPU.ActiveCfg = Release|Any CPU
		{0BE503F4-073C-9A7C-1821-A9E9B1090370}.Release|Any CPU.Build.0 = Release|Any CPU
		{A9FB5DEB-AE22-C77F-230A-E37B2CEE9B3A}.Debug|Any CPU.ActiveCfg = Debug|Any CPU
		{A9FB5DEB-AE22-C77F-230A-E37B2CEE9B3A}.Debug|Any CPU.Build.0 = Debug|Any CPU
		{A9FB5DEB-AE22-C77F-230A-E37B2CEE9B3A}.Release|Any CPU.ActiveCfg = Release|Any CPU
		{A9FB5DEB-AE22-C77F-230A-E37B2CEE9B3A}.Release|Any CPU.Build.0 = Release|Any CPU
	EndGlobalSection
	GlobalSection(SolutionProperties) = preSolution
		HideSolutionNode = FALSE
	EndGlobalSection
	GlobalSection(NestedProjects) = preSolution
		{B6A78DCE-EEEC-C458-99F4-3D40EDEFC7FD} = {F9607BAE-F49D-CAEF-ADAC-79D8069B2442}
		{35A65FA8-FEA6-678A-775E-78A61D9F22E0} = {B6A78DCE-EEEC-C458-99F4-3D40EDEFC7FD}
		{6974826C-6899-6D4A-A897-DC5B607FF56B} = {F9607BAE-F49D-CAEF-ADAC-79D8069B2442}
		{E23410AB-EB0A-B07E-1DAF-8BC14B9D4E39} = {6974826C-6899-6D4A-A897-DC5B607FF56B}
		{F2664A4D-2FB5-1D06-2F98-E6C5932C363C} = {F9607BAE-F49D-CAEF-ADAC-79D8069B2442}
		{1D993BDB-FDB6-1452-D7F0-2E0B7ABBB848} = {F2664A4D-2FB5-1D06-2F98-E6C5932C363C}
		{4110230F-7EC4-1898-AF9B-8816F14D962E} = {F9607BAE-F49D-CAEF-ADAC-79D8069B2442}
		{0BE503F4-073C-9A7C-1821-A9E9B1090370} = {4110230F-7EC4-1898-AF9B-8816F14D962E}
		{F4D29FD2-781C-3AFA-4F1D-6A684C4B1778} = {F9607BAE-F49D-CAEF-ADAC-79D8069B2442}
		{A9FB5DEB-AE22-C77F-230A-E37B2CEE9B3A} = {F4D29FD2-781C-3AFA-4F1D-6A684C4B1778}
	EndGlobalSection
	GlobalSection(ExtensibilityGlobals) = postSolution
		SolutionGuid = {956DE66A-7235-45AF-AF3D-BDD4320221CD}
	EndGlobalSection
EndGlobal
